# Generated by sync-adapters.mjs — drift detection input for forge doctor (§15).
adapter: claude
files:
  - dest: .claude/agents/architecture/adr-writer.md
    src: .forge/agents/architecture/adr-writer.md
    sha256: sha256:4feed41da1534319d65d7ee2c927c5587e4380435bbccd861cfac4293aa5bc62
  - dest: .claude/agents/architecture/clean-architecture-reviewer.md
    src: .forge/agents/architecture/clean-architecture-reviewer.md
    sha256: sha256:2b24a2ef8ddfa3ce424ee1756c4e3836e002abd85ea6480151d240c286b07521
  - dest: .claude/agents/architecture/ddd-architect.md
    src: .forge/agents/architecture/ddd-architect.md
    sha256: sha256:d12d8333378bb42acb63d00893a71998595119cad5c1b385824f19da2ed2cd03
  - dest: .claude/agents/architecture/ddd-validator.md
    src: .forge/agents/architecture/ddd-validator.md
    sha256: sha256:0884015d388320214fe1b7cb81e546bc0303d0ae757e2d19aa5e485dd2d6cb33
  - dest: .claude/agents/architecture/module-generator.md
    src: .forge/agents/architecture/module-generator.md
    sha256: sha256:6d0a30d2c7577416b13e4302e430152509e0367782d80b2875993a5e02b675f1
  - dest: .claude/agents/architecture/module-validator.md
    src: .forge/agents/architecture/module-validator.md
    sha256: sha256:b7d29cd97cb912d5a754d92f37f0d29fe53359c180214e8bd2a98faba0d08e46
  - dest: .claude/agents/code-review/dotnet-reviewer.md
    src: .forge/agents/code-review/dotnet-reviewer.md
    sha256: sha256:c4d1a63ebb639f3e7412558028572c5347cd4c35a249321634be46c111468d72
  - dest: .claude/agents/code-review/java-reviewer.md
    src: .forge/agents/code-review/java-reviewer.md
    sha256: sha256:15734bdf5c4fa103a3afd1f9b17fb2dc8acb32c9d4b5d9b8d34b4f0f87e611d3
  - dest: .claude/agents/code-review/node-reviewer.md
    src: .forge/agents/code-review/node-reviewer.md
    sha256: sha256:046dd0fc6344775ac2fff1f6a63adcd4e52ab617d2db28a1995abc835dd2a229
  - dest: .claude/agents/code-review/python-reviewer.md
    src: .forge/agents/code-review/python-reviewer.md
    sha256: sha256:4fbc669084497d3074034fb2476611abfd313f254b9296bdd2544f683b2b7985
  - dest: .claude/agents/coding/deploy-orchestrator.md
    src: .forge/agents/coding/deploy-orchestrator.md
    sha256: sha256:4e0cdad8892292bc5c219e9212af25efb50cb2850d9c19667c33e0a4c08edd4c
  - dest: .claude/agents/coding/sprint-orchestrator.md
    src: .forge/agents/coding/sprint-orchestrator.md
    sha256: sha256:413be80b924fce2a1fdc65d33dfa8a59d6182e9d9bf1ce85c401881c1e30685f
  - dest: .claude/agents/coding/task-coder.md
    src: .forge/agents/coding/task-coder.md
    sha256: sha256:64713f783c338af5a03c9640a4bb1658598f8022b6cf4333e898157ee4390594
  - dest: .claude/agents/engineering/android-embedded-kotlin-engineer.md
    src: .forge/agents/engineering/android-embedded-kotlin-engineer.md
    sha256: sha256:0e43b43850e6ad04203b5551b36210f557c89d3c224de729f5fb6dc886e0ef4d
  - dest: .claude/agents/engineering/backend-engineer-dotnet.md
    src: .forge/agents/engineering/backend-engineer-dotnet.md
    sha256: sha256:389d470dac09b3be251fb01bb1753c71475af2c63e0ffeda32a0410d712a1608
  - dest: .claude/agents/engineering/frontend-engineer.md
    src: .forge/agents/engineering/frontend-engineer.md
    sha256: sha256:bfc853b6f9cb6cb29769a988416c5d5d3e0b24d36608d57f71d9cfc463409de1
  - dest: .claude/agents/engineering/fullstack-software-engineer.md
    src: .forge/agents/engineering/fullstack-software-engineer.md
    sha256: sha256:ca30d24a14d4f9cb843c42fb559a89174ebb4bb40763200b6e357d6328ed1ba5
  - dest: .claude/agents/graph/architecture-analyzer.md
    src: .forge/agents/graph/architecture-analyzer.md
    sha256: sha256:79045664ff00dfb8a3cd8789dcf63a75a2894a37ab5cd2e2805685b9f145ab3c
  - dest: .claude/agents/graph/file-analyzer.md
    src: .forge/agents/graph/file-analyzer.md
    sha256: sha256:8d9e553660c3a25e9c474fc19cee063f57bf42ddca883d902d95c372108254ce
  - dest: .claude/agents/graph/graph-reviewer.md
    src: .forge/agents/graph/graph-reviewer.md
    sha256: sha256:fc89bdad6d4622eb18541192421ccdf2d47701f5f0c694e1ba83c89482484bb6
  - dest: .claude/agents/quality/analyzer.md
    src: .forge/agents/quality/analyzer.md
    sha256: sha256:e016f952d157588a7b7c60c2b39bfa84aa1835f7511067efbb4bb0ac03782a6f
  - dest: .claude/agents/quality/comparator.md
    src: .forge/agents/quality/comparator.md
    sha256: sha256:7c5724c581eb295034093c11fdec4e29cd7398adf45bb4126108b3e76fd01355
  - dest: .claude/agents/quality/executor.md
    src: .forge/agents/quality/executor.md
    sha256: sha256:7792b0918dc4849d4ceaf381bbcb5740096a3cf1e86218a17141e707c7216242
  - dest: .claude/agents/quality/grader.md
    src: .forge/agents/quality/grader.md
    sha256: sha256:5e13d2a00ae88fadb044b6511d2e0039f945619e1d92b9e71cd7e7f8cb3ec24a
  - dest: .claude/agents/README.md
    src: .forge/agents/README.md
    sha256: sha256:0c1d9669e7d01a07914215fcecb2f62ee37b2e132709b0a743909e55708a0d17
  - dest: .claude/agents/review/arch-reviewer.md
    src: .forge/agents/review/arch-reviewer.md
    sha256: sha256:24a0816783dba3041ebe08d29433a11ba3be40f6328b6fe404ddc8a16b0167c1
  - dest: .claude/agents/review/code-evaluator.md
    src: .forge/agents/review/code-evaluator.md
    sha256: sha256:f44c8ab4970e680d9a3a945234952698a887d4b2e6b0ae3761fc89ad89993c1e
  - dest: .claude/agents/review/logic-reviewer.md
    src: .forge/agents/review/logic-reviewer.md
    sha256: sha256:3ddae59785bd8c346f82eae53d2b9f3730e572990e2929a3b3190f7860748741
  - dest: .claude/agents/review/platform-reviewer.md
    src: .forge/agents/review/platform-reviewer.md
    sha256: sha256:a03a153265405c717313781a5822ee644169a67657ec589fcc546611f2b5ec9f
  - dest: .claude/agents/review/quality-reviewer.md
    src: .forge/agents/review/quality-reviewer.md
    sha256: sha256:02109e74f4b766765f687b989cd366af1f49ae26836d4be55292ff5a11871371
  - dest: .claude/agents/review/security-reviewer.md
    src: .forge/agents/review/security-reviewer.md
    sha256: sha256:f7eb21563c7c569b6be708d47b49b1c212d2f92dd5bd65e1d7a6c08bdd7c73bd
  - dest: .claude/agents/review/yolo-gate.md
    src: .forge/agents/review/yolo-gate.md
    sha256: sha256:979e8445a284213619b6b65e7f53f4de2b2af5a155891555bd8c2e04aa1e2cf0
  - dest: .claude/agents/specifications/design-validator.md
    src: .forge/agents/specifications/design-validator.md
    sha256: sha256:dab236846a697ee47996f6879cdc739421700b84e1eeb4f8d1050e0378f2fc8d
  - dest: .claude/agents/specifications/design-writer.md
    src: .forge/agents/specifications/design-writer.md
    sha256: sha256:5e7c9137abd8f40171113e564a2c0a30b140455ce63be9e174a51b67e0458ae8
  - dest: .claude/agents/specifications/discovery-agent.md
    src: .forge/agents/specifications/discovery-agent.md
    sha256: sha256:d1c108e448ae61529beb3ba611e21f1e07811f0f63177f05191b345f196c6c4a
  - dest: .claude/agents/specifications/epic-context.md
    src: .forge/agents/specifications/epic-context.md
    sha256: sha256:865584d9d545ed4f410a85b28d275f5f595ae54889d6a4001f880c32f7cd9f2b
  - dest: .claude/agents/specifications/frd-generator.md
    src: .forge/agents/specifications/frd-generator.md
    sha256: sha256:c041644d002d59e9ae998553a0c7285f3614bb2875bae0548c6ad85de6bb3e6b
  - dest: .claude/agents/specifications/frd-nfrd-validator.md
    src: .forge/agents/specifications/frd-nfrd-validator.md
    sha256: sha256:6c549b74ca7c85075869112cd491a5c48f6a367a63c1fef70661fc5bfd7ba460
  - dest: .claude/agents/specifications/nfrd-generator.md
    src: .forge/agents/specifications/nfrd-generator.md
    sha256: sha256:9d1137f8e3b6fe3b0626476728776c82e7a598e83f21c2353f5ac0059871978b
  - dest: .claude/agents/specifications/prd-generator.md
    src: .forge/agents/specifications/prd-generator.md
    sha256: sha256:6f55e84480e459954551c5c03345e4dd9240e36986c2a3c69bd246dafc6660c3
  - dest: .claude/agents/specifications/prd-validator.md
    src: .forge/agents/specifications/prd-validator.md
    sha256: sha256:999b1773fd5b2fe0eb55f319cef1b7031ffe92ef733de718a9dc4c43b3866a41
  - dest: .claude/agents/specifications/product-backlog.md
    src: .forge/agents/specifications/product-backlog.md
    sha256: sha256:3c7bbe5bd0e1a3805ef51e91827d5894c143b82418798ef706a921b541983817
  - dest: .claude/agents/specifications/requirements-validator.md
    src: .forge/agents/specifications/requirements-validator.md
    sha256: sha256:80c29a387e04ebc535932c11449a3d5528ced0597248e9f74aa0f1c4355781da
  - dest: .claude/agents/specifications/requirements-writer.md
    src: .forge/agents/specifications/requirements-writer.md
    sha256: sha256:c6a4d8ea6110d5f0c020754e895b349277e1e03e2d3ea6baf1c43a4a135f8f5d
  - dest: .claude/agents/specifications/tasks-validator.md
    src: .forge/agents/specifications/tasks-validator.md
    sha256: sha256:0af08bd3ee048025b2af6d0ae8330dd3c1621f0bcfeacdf0eb10edc4ea7eef50
  - dest: .claude/agents/specifications/tasks-writer.md
    src: .forge/agents/specifications/tasks-writer.md
    sha256: sha256:3a99d67456434744f9795ba9e3ed51fc636985b1fbc078ab443228d6ce9f8998
  - dest: .claude/agents/specifications/trd-generator.md
    src: .forge/agents/specifications/trd-generator.md
    sha256: sha256:50e200960f6da697104608b59a0160cc349e9357921b2eddb4fb891fd3e23987
  - dest: .claude/agents/specifications/trd-validator.md
    src: .forge/agents/specifications/trd-validator.md
    sha256: sha256:53ed1db12d786140818651d476a5168567f63acd4b83994301506dbc614bfaa6
  - dest: .claude/settings.json
    sha256: sha256:e8283da1c4649d48dfa67d53b95605aa3311c0363e5b31296c29a1ce10413323
  - dest: .claude/skills/c4-render/SKILL.md
    src: .forge/skills/c4-render/SKILL.md
    sha256: sha256:0fbfbd1e3458b23c618dd07c4c91186b3e43a25985680474c8c9d05a74bef057
  - dest: .claude/skills/capability-dispatcher/SKILL.md
    src: .forge/skills/capability-dispatcher/SKILL.md
    sha256: sha256:c5a5903de5addc69406e2860be550043217256840418b2641d0dbb70c5ede5a5
  - dest: .claude/skills/design-system-creator/SKILL.md
    src: .forge/skills/design-system-creator/SKILL.md
    sha256: sha256:947c8e3a0c7072591d636fdaa18725be5a6693032532b987310b4f40b05ae791
  - dest: .claude/skills/dotnet-quality-scan/references/clean-code-rules.md
    src: .forge/skills/dotnet-quality-scan/references/clean-code-rules.md
    sha256: sha256:2c71f225748410a1c7493957a4bf5620f540dcaaefcd4e42e06e9333f28f4b96
  - dest: .claude/skills/dotnet-quality-scan/references/detection-commands.md
    src: .forge/skills/dotnet-quality-scan/references/detection-commands.md
    sha256: sha256:ca4215fbbce48ccc52d79029bd6a59ec17a50a46c8930d1a699d7b0b8fc05d35
  - dest: .claude/skills/dotnet-quality-scan/scripts/scan.sh
    src: .forge/skills/dotnet-quality-scan/scripts/scan.sh
    sha256: sha256:da0e558974be39681208c2dda87ceb3eda082db60586e27e42eb81a6eddfb80f
  - dest: .claude/skills/dotnet-quality-scan/SKILL.md
    src: .forge/skills/dotnet-quality-scan/SKILL.md
    sha256: sha256:71f50761aad3d1fa17acd3920e1b984d0bd843cd59196be21be53113031c6a7c
  - dest: .claude/skills/frontend-ui-review/scripts/scan-phantom-tokens.py
    src: .forge/skills/frontend-ui-review/scripts/scan-phantom-tokens.py
    sha256: sha256:9acc92b06633eb8b85f635f9c33dbd10db478525f938d0c83084407469673fa2
  - dest: .claude/skills/frontend-ui-review/SKILL.md
    src: .forge/skills/frontend-ui-review/SKILL.md
    sha256: sha256:b0bb8f93dff73719dd87582dc01d79fe4ae6ce83981b5a8560d92e81796f607a
  - dest: .claude/skills/gate-runner/SKILL.md
    src: .forge/skills/gate-runner/SKILL.md
    sha256: sha256:cc9176c908096593e9330d7232c8bc96b3673e54909c9a04983ba52d151d20d4
  - dest: .claude/skills/impact-scan/SKILL.md
    src: .forge/skills/impact-scan/SKILL.md
    sha256: sha256:0da76f07797a2b89261664d10cf7f96e7ca256a74ff289303ea5cc001b5161a6
  - dest: .claude/skills/node-quality-scan/references/clean-code-rules.md
    src: .forge/skills/node-quality-scan/references/clean-code-rules.md
    sha256: sha256:fe693a489b358431d1fc68efa72a62dab10e46dbd9ce9b5b6ecd0c5b572a099a
  - dest: .claude/skills/node-quality-scan/references/detection-commands.md
    src: .forge/skills/node-quality-scan/references/detection-commands.md
    sha256: sha256:0c48ad6a3b58f87574f6cb369af2a254c59f8f3b57fe374bcd74001269e0e18e
  - dest: .claude/skills/node-quality-scan/scripts/scan.sh
    src: .forge/skills/node-quality-scan/scripts/scan.sh
    sha256: sha256:a022506118d43b7ea693e8e9420b1746ffa106edef68b83f211e39c809e9f15f
  - dest: .claude/skills/node-quality-scan/SKILL.md
    src: .forge/skills/node-quality-scan/SKILL.md
    sha256: sha256:674d01018fc83d741b0fe330acc0caa32388b031389ce13af9c7edd8ed8ae2bd
  - dest: .claude/skills/story-context/SKILL.md
    src: .forge/skills/story-context/SKILL.md
    sha256: sha256:ec4b60ca1aae23de1260285f35adfb34cf6cb0f51ba19cca6821ad2ac25b23fc
  - dest: .claude/skills/using-git-worktrees/SKILL.md
    src: .forge/skills/using-git-worktrees/SKILL.md
    sha256: sha256:ebaf56e8c2e299fcf3ff98cf9d941ef9348a91c08cb3bf65f034eac9098fe230
  - dest: .claude/skills/verify-build/SKILL.md
    src: .forge/skills/verify-build/SKILL.md
    sha256: sha256:f91cf796f557df5f9750ebd8bd237ca130018693f23ef36fd3422dd6ad38682c
  - dest: .claude/skills/verify-diff-claims/SKILL.md
    src: .forge/skills/verify-diff-claims/SKILL.md
    sha256: sha256:72be9255a35ed93505d1a28de1e0034ea43f7956e037c225db06a8b537df0b00
  - dest: .claude/skills/wave-advance/SKILL.md
    src: .forge/skills/wave-advance/SKILL.md
    sha256: sha256:c6280f85b0f3fc3922b86a9b8878dc8a0c8eba979b1da64932729ae3d39d991e
  - dest: CLAUDE.md
    src: AGENTS.md
    sha256: symlink
