Microsoft Visual Studio Solution File, Format Version 12.00
Project("{9A19103F-16F7-4668-BE54-9A1E7A4F7556}") = "Tarifa.Api", "src\Tarifa.Api\Tarifa.Api.csproj", "{6F1D2C1A-0001-4000-8000-000000000001}"
EndProject
Project("{9A19103F-16F7-4668-BE54-9A1E7A4F7556}") = "Legado.Relatorios", "src\Legado.Relatorios\Legado.Relatorios.csproj", "{6F1D2C1A-0002-4000-8000-000000000002}"
EndProject
